
Microsoft Visual Studio Solution File, Format Version 11.00
# Visual Studio 2010
Project("{FAE04EC0-301F-11D3-BF4B-00C04F79EFBC}") = "II.Mvc.SmartName", "IInteractive.Mvc.SmartDisplayName\II.Mvc.SmartName.csproj", "{D6E1746C-5DEA-4464-884D-99D2C58B5728}"
EndProject
Project("{FAE04EC0-301F-11D3-BF4B-00C04F79EFBC}") = "II.Mvc.SmartName.Tests", "II.Mvc.SmartName.Tests\II.Mvc.SmartName.Tests.csproj", "{A23D3434-36E3-4FEA-95BA-52962913D698}"
EndProject
Project("{2150E333-8FDC-42A3-9474-1A3956D46DE8}") = "Solution Items", "Solution Items", "{3282E066-8B72-41FE-8906-78FC053BF64D}"
	ProjectSection(SolutionItems) = preProject
		IInteractive.Mvc.SmartDisplayName.vsmdi = IInteractive.Mvc.SmartDisplayName.vsmdi
		Local.testsettings = Local.testsettings
		TraceAndTestImpact.testsettings = TraceAndTestImpact.testsettings
	EndProjectSection
EndProject
Project("{FAE04EC0-301F-11D3-BF4B-00C04F79EFBC}") = "II.Mvc.SmartName.POCOs", "II.Mvc.SmartName.POCOs\II.Mvc.SmartName.POCOs.csproj", "{B4694038-7BC0-4196-A914-63B526E729E1}"
EndProject
Project("{FAE04EC0-301F-11D3-BF4B-00C04F79EFBC}") = "II.Mvc.SmartName.Web4", "II.Mvc.SmartName.Web4\II.Mvc.SmartName.Web4.csproj", "{E07C5300-EFEF-42A4-9D95-1F9DB36E5DD2}"
EndProject
Global
	GlobalSection(TestCaseManagementSettings) = postSolution
		CategoryFile = IInteractive.Mvc.SmartDisplayName.vsmdi
	EndGlobalSection
	GlobalSection(SolutionConfigurationPlatforms) = preSolution
		Debug|Any CPU = Debug|Any CPU
		Release|Any CPU = Release|Any CPU
	EndGlobalSection
	GlobalSection(ProjectConfigurationPlatforms) = postSolution
		{D6E1746C-5DEA-4464-884D-99D2C58B5728}.Debug|Any CPU.ActiveCfg = Debug|Any CPU
		{D6E1746C-5DEA-4464-884D-99D2C58B5728}.Debug|Any CPU.Build.0 = Debug|Any CPU
		{D6E1746C-5DEA-4464-884D-99D2C58B5728}.Release|Any CPU.ActiveCfg = Release|Any CPU
		{D6E1746C-5DEA-4464-884D-99D2C58B5728}.Release|Any CPU.Build.0 = Release|Any CPU
		{A23D3434-36E3-4FEA-95BA-52962913D698}.Debug|Any CPU.ActiveCfg = Debug|Any CPU
		{A23D3434-36E3-4FEA-95BA-52962913D698}.Debug|Any CPU.Build.0 = Debug|Any CPU
		{A23D3434-36E3-4FEA-95BA-52962913D698}.Release|Any CPU.ActiveCfg = Release|Any CPU
		{A23D3434-36E3-4FEA-95BA-52962913D698}.Release|Any CPU.Build.0 = Release|Any CPU
		{B4694038-7BC0-4196-A914-63B526E729E1}.Debug|Any CPU.ActiveCfg = Debug|Any CPU
		{B4694038-7BC0-4196-A914-63B526E729E1}.Debug|Any CPU.Build.0 = Debug|Any CPU
		{B4694038-7BC0-4196-A914-63B526E729E1}.Release|Any CPU.ActiveCfg = Release|Any CPU
		{B4694038-7BC0-4196-A914-63B526E729E1}.Release|Any CPU.Build.0 = Release|Any CPU
		{E07C5300-EFEF-42A4-9D95-1F9DB36E5DD2}.Debug|Any CPU.ActiveCfg = Debug|Any CPU
		{E07C5300-EFEF-42A4-9D95-1F9DB36E5DD2}.Debug|Any CPU.Build.0 = Debug|Any CPU
		{E07C5300-EFEF-42A4-9D95-1F9DB36E5DD2}.Release|Any CPU.ActiveCfg = Release|Any CPU
		{E07C5300-EFEF-42A4-9D95-1F9DB36E5DD2}.Release|Any CPU.Build.0 = Release|Any CPU
	EndGlobalSection
	GlobalSection(SolutionProperties) = preSolution
		HideSolutionNode = FALSE
	EndGlobalSection
EndGlobal
